
Microsoft Visual Studio Solution File, Format Version 12.00
# Visual Studio Version 16
VisualStudioVersion = 16.0.30803.129
MinimumVisualStudioVersion = 10.0.40219.1
Project("{FAE04EC0-301F-11D3-BF4B-00C04F79EFBC}") = "SimplyView", "SimplyView\SimplyView.csproj", "{B22CB3AD-37E5-4BD1-826A-4D930057C715}"
EndProject
Global
	GlobalSection(SolutionConfigurationPlatforms) = preSolution
		Debug|Any CPU = Debug|Any CPU
		Release|Any CPU = Release|Any CPU
	EndGlobalSection
	GlobalSection(ProjectConfigurationPlatforms) = postSolution
		{B22CB3AD-37E5-4BD1-826A-4D930057C715}.Debug|Any CPU.ActiveCfg = Debug|Any CPU
		{B22CB3AD-37E5-4BD1-826A-4D930057C715}.Debug|Any CPU.Build.0 = Debug|Any CPU
		{B22CB3AD-37E5-4BD1-826A-4D930057C715}.Release|Any CPU.ActiveCfg = Release|Any CPU
		{B22CB3AD-37E5-4BD1-826A-4D930057C715}.Release|Any CPU.Build.0 = Release|Any CPU
	EndGlobalSection
	GlobalSection(SolutionProperties) = preSolution
		HideSolutionNode = FALSE
	EndGlobalSection
	GlobalSection(ExtensibilityGlobals) = postSolution
		SolutionGuid = {8C58BBC7-8A55-408C-AEED-F5F1897ABCA8}
	EndGlobalSection
EndGlobal
